
Microsoft Visual Studio Solution File, Format Version 12.00
# Visual Studio 15
VisualStudioVersion = 15.0.27703.2000
MinimumVisualStudioVersion = 10.0.40219.1
Project("{FAE04EC0-301F-11D3-BF4B-00C04F79EFBC}") = "Proyecto2", "Proyecto2\Proyecto2.csproj", "{8A5A6846-E08E-45B5-B2DD-84EB67C42757}"
EndProject
Global
	GlobalSection(SolutionConfigurationPlatforms) = preSolution
		Debug|Any CPU = Debug|Any CPU
		Release|Any CPU = Release|Any CPU
	EndGlobalSection
	GlobalSection(ProjectConfigurationPlatforms) = postSolution
		{8A5A6846-E08E-45B5-B2DD-84EB67C42757}.Debug|Any CPU.ActiveCfg = Debug|Any CPU
		{8A5A6846-E08E-45B5-B2DD-84EB67C42757}.Debug|Any CPU.Build.0 = Debug|Any CPU
		{8A5A6846-E08E-45B5-B2DD-84EB67C42757}.Release|Any CPU.ActiveCfg = Release|Any CPU
		{8A5A6846-E08E-45B5-B2DD-84EB67C42757}.Release|Any CPU.Build.0 = Release|Any CPU
	EndGlobalSection
	GlobalSection(SolutionProperties) = preSolution
		HideSolutionNode = FALSE
	EndGlobalSection
	GlobalSection(ExtensibilityGlobals) = postSolution
		SolutionGuid = {EADEF1F6-80F3-4D4C-B772-8B649514427A}
	EndGlobalSection
EndGlobal
