
Microsoft Visual Studio Solution File, Format Version 12.00
# Visual Studio 15
VisualStudioVersion = 15.0.27703.2000
MinimumVisualStudioVersion = 10.0.40219.1
Project("{FAE04EC0-301F-11D3-BF4B-00C04F79EFBC}") = "Proyecto", "Proyecto\Proyecto.csproj", "{40F52E82-ADE5-4709-A04F-1F787C62E7EB}"
EndProject
Global
	GlobalSection(SolutionConfigurationPlatforms) = preSolution
		Debug|Any CPU = Debug|Any CPU
		Release|Any CPU = Release|Any CPU
	EndGlobalSection
	GlobalSection(ProjectConfigurationPlatforms) = postSolution
		{40F52E82-ADE5-4709-A04F-1F787C62E7EB}.Debug|Any CPU.ActiveCfg = Debug|Any CPU
		{40F52E82-ADE5-4709-A04F-1F787C62E7EB}.Debug|Any CPU.Build.0 = Debug|Any CPU
		{40F52E82-ADE5-4709-A04F-1F787C62E7EB}.Release|Any CPU.ActiveCfg = Release|Any CPU
		{40F52E82-ADE5-4709-A04F-1F787C62E7EB}.Release|Any CPU.Build.0 = Release|Any CPU
	EndGlobalSection
	GlobalSection(SolutionProperties) = preSolution
		HideSolutionNode = FALSE
	EndGlobalSection
	GlobalSection(ExtensibilityGlobals) = postSolution
		SolutionGuid = {E08E5121-3E41-489B-AA08-D50EDB0E0FA4}
	EndGlobalSection
EndGlobal
