
Microsoft Visual Studio Solution File, Format Version 12.00
# Visual Studio 15
VisualStudioVersion = 15.0.27703.2000
MinimumVisualStudioVersion = 10.0.40219.1
Project("{9A19103F-16F7-4668-BE54-9A1E7A4F7556}") = "Proyecto", "Proyecto\Proyecto.csproj", "{40F52E82-ADE5-4709-A04F-1F787C62E7EB}"
EndProject
Project("{9A19103F-16F7-4668-BE54-9A1E7A4F7556}") = "Prode.Core.Entidades", "Prode.Core.Entidades\Prode.Core.Entidades.csproj", "{D084EDF9-0F92-4092-94CD-4D21BFA3D47D}"
EndProject
Project("{9A19103F-16F7-4668-BE54-9A1E7A4F7556}") = "Prode.Core.Entidades.Interface", "Prode.Core.Entidades.Interface\Prode.Core.Entidades.Interface.csproj", "{E14B6267-3AD2-4773-A49C-2D961E2B3F59}"
EndProject
Project("{9A19103F-16F7-4668-BE54-9A1E7A4F7556}") = "Prode.Core.Formateadores", "Prode.Core.Formateadores\Prode.Core.Formateadores.csproj", "{E649F6F6-5FEF-4C08-B6A3-90F7DB5CA7C0}"
EndProject
Global
	GlobalSection(SolutionConfigurationPlatforms) = preSolution
		Debug|Any CPU = Debug|Any CPU
		Release|Any CPU = Release|Any CPU
	EndGlobalSection
	GlobalSection(ProjectConfigurationPlatforms) = postSolution
		{40F52E82-ADE5-4709-A04F-1F787C62E7EB}.Debug|Any CPU.ActiveCfg = Debug|Any CPU
		{40F52E82-ADE5-4709-A04F-1F787C62E7EB}.Debug|Any CPU.Build.0 = Debug|Any CPU
		{40F52E82-ADE5-4709-A04F-1F787C62E7EB}.Release|Any CPU.ActiveCfg = Release|Any CPU
		{40F52E82-ADE5-4709-A04F-1F787C62E7EB}.Release|Any CPU.Build.0 = Release|Any CPU
		{D084EDF9-0F92-4092-94CD-4D21BFA3D47D}.Debug|Any CPU.ActiveCfg = Debug|Any CPU
		{D084EDF9-0F92-4092-94CD-4D21BFA3D47D}.Debug|Any CPU.Build.0 = Debug|Any CPU
		{D084EDF9-0F92-4092-94CD-4D21BFA3D47D}.Release|Any CPU.ActiveCfg = Release|Any CPU
		{D084EDF9-0F92-4092-94CD-4D21BFA3D47D}.Release|Any CPU.Build.0 = Release|Any CPU
		{E14B6267-3AD2-4773-A49C-2D961E2B3F59}.Debug|Any CPU.ActiveCfg = Debug|Any CPU
		{E14B6267-3AD2-4773-A49C-2D961E2B3F59}.Debug|Any CPU.Build.0 = Debug|Any CPU
		{E14B6267-3AD2-4773-A49C-2D961E2B3F59}.Release|Any CPU.ActiveCfg = Release|Any CPU
		{E14B6267-3AD2-4773-A49C-2D961E2B3F59}.Release|Any CPU.Build.0 = Release|Any CPU
		{E649F6F6-5FEF-4C08-B6A3-90F7DB5CA7C0}.Debug|Any CPU.ActiveCfg = Debug|Any CPU
		{E649F6F6-5FEF-4C08-B6A3-90F7DB5CA7C0}.Debug|Any CPU.Build.0 = Debug|Any CPU
		{E649F6F6-5FEF-4C08-B6A3-90F7DB5CA7C0}.Release|Any CPU.ActiveCfg = Release|Any CPU
		{E649F6F6-5FEF-4C08-B6A3-90F7DB5CA7C0}.Release|Any CPU.Build.0 = Release|Any CPU
	EndGlobalSection
	GlobalSection(SolutionProperties) = preSolution
		HideSolutionNode = FALSE
	EndGlobalSection
	GlobalSection(ExtensibilityGlobals) = postSolution
		SolutionGuid = {E08E5121-3E41-489B-AA08-D50EDB0E0FA4}
	EndGlobalSection
EndGlobal
